// !$*UTF8*$!
{
	archiveVersion = 1;
	classes = {
	};
	objectVersion = 56;
	objects = {

/* Begin PBXBuildFile section */
		1F92C4822BDF82A400D79987 /* AppDelegate.swift in Sources */ = {isa = PBXBuildFile; fileRef = 1F92C4812BDF82A400D79987 /* AppDelegate.swift */; };
		1F92C4842BDF82A400D79987 /* SceneDelegate.swift in Sources */ = {isa = PBXBuildFile; fileRef = 1F92C4832BDF82A400D79987 /* SceneDelegate.swift */; };
		1F92C4892BDF82A400D79987 /* Base in Resources */ = {isa = PBXBuildFile; fileRef = 1F92C4882BDF82A400D79987 /* Base */; };
		1F92C48B2BDF82A700D79987 /* Assets.xcassets in Resources */ = {isa = PBXBuildFile; fileRef = 1F92C48A2BDF82A700D79987 /* Assets.xcassets */; };
		1F92C48E2BDF82A700D79987 /* Base in Resources */ = {isa = PBXBuildFile; fileRef = 1F92C48D2BDF82A700D79987 /* Base */; };
		1F92C4962BDF84BC00D79987 /* PostTVC.swift in Sources */ = {isa = PBXBuildFile; fileRef = 1F92C4952BDF84BC00D79987 /* PostTVC.swift */; };
		1F92C49A2BDF855A00D79987 /* PostModel.swift in Sources */ = {isa = PBXBuildFile; fileRef = 1F92C4992BDF855A00D79987 /* PostModel.swift */; };
		1F92C49C2BDF865E00D79987 /* FeedViewModel.swift in Sources */ = {isa = PBXBuildFile; fileRef = 1F92C49B2BDF865E00D79987 /* FeedViewModel.swift */; };
		1F92C49E2BDF87B800D79987 /* FeetViewController.swift in Sources */ = {isa = PBXBuildFile; fileRef = 1F92C49D2BDF87B800D79987 /* FeetViewController.swift */; };
		1F92C4A02BDFB45200D79987 /* PostDetailController.swift in Sources */ = {isa = PBXBuildFile; fileRef = 1F92C49F2BDFB45200D79987 /* PostDetailController.swift */; };
/* End PBXBuildFile section */

/* Begin PBXFileReference section */
		1F92C47E2BDF82A400D79987 /* PostFeed.app */ = {isa = PBXFileReference; explicitFileType = wrapper.application; includeInIndex = 0; path = PostFeed.app; sourceTree = BUILT_PRODUCTS_DIR; };
		1F92C4812BDF82A400D79987 /* AppDelegate.swift */ = {isa = PBXFileReference; lastKnownFileType = sourcecode.swift; path = AppDelegate.swift; sourceTree = "<group>"; };
		1F92C4832BDF82A400D79987 /* SceneDelegate.swift */ = {isa = PBXFileReference; lastKnownFileType = sourcecode.swift; path = SceneDelegate.swift; sourceTree = "<group>"; };
		1F92C4882BDF82A400D79987 /* Base */ = {isa = PBXFileReference; lastKnownFileType = file.storyboard; name = Base; path = Base.lproj/Main.storyboard; sourceTree = "<group>"; };
		1F92C48A2BDF82A700D79987 /* Assets.xcassets */ = {isa = PBXFileReference; lastKnownFileType = folder.assetcatalog; path = Assets.xcassets; sourceTree = "<group>"; };
		1F92C48D2BDF82A700D79987 /* Base */ = {isa = PBXFileReference; lastKnownFileType = file.storyboard; name = Base; path = Base.lproj/LaunchScreen.storyboard; sourceTree = "<group>"; };
		1F92C48F2BDF82A700D79987 /* Info.plist */ = {isa = PBXFileReference; lastKnownFileType = text.plist.xml; path = Info.plist; sourceTree = "<group>"; };
		1F92C4952BDF84BC00D79987 /* PostTVC.swift */ = {isa = PBXFileReference; lastKnownFileType = sourcecode.swift; path = PostTVC.swift; sourceTree = "<group>"; };
		1F92C4992BDF855A00D79987 /* PostModel.swift */ = {isa = PBXFileReference; lastKnownFileType = sourcecode.swift; path = PostModel.swift; sourceTree = "<group>"; };
		1F92C49B2BDF865E00D79987 /* FeedViewModel.swift */ = {isa = PBXFileReference; lastKnownFileType = sourcecode.swift; path = FeedViewModel.swift; sourceTree = "<group>"; };
		1F92C49D2BDF87B800D79987 /* FeetViewController.swift */ = {isa = PBXFileReference; lastKnownFileType = sourcecode.swift; path = FeetViewController.swift; sourceTree = "<group>"; };
		1F92C49F2BDFB45200D79987 /* PostDetailController.swift */ = {isa = PBXFileReference; lastKnownFileType = sourcecode.swift; path = PostDetailController.swift; sourceTree = "<group>"; };
/* End PBXFileReference section */

/* Begin PBXFrameworksBuildPhase section */
		1F92C47B2BDF82A400D79987 /* Frameworks */ = {
			isa = PBXFrameworksBuildPhase;
			buildActionMask = 2147483647;
			files = (
			);
			runOnlyForDeploymentPostprocessing = 0;
		};
/* End PBXFrameworksBuildPhase section */

/* Begin PBXGroup section */
		1F92C4752BDF82A400D79987 = {
			isa = PBXGroup;
			children = (
				1F92C4802BDF82A400D79987 /* PostFeed */,
				1F92C47F2BDF82A400D79987 /* Products */,
			);
			sourceTree = "<group>";
		};
		1F92C47F2BDF82A400D79987 /* Products */ = {
			isa = PBXGroup;
			children = (
				1F92C47E2BDF82A400D79987 /* PostFeed.app */,
			);
			name = Products;
			sourceTree = "<group>";
		};
		1F92C4802BDF82A400D79987 /* PostFeed */ = {
			isa = PBXGroup;
			children = (
				1FEC30FD2BDFBB2100FFAAEC /* View */,
				1FEC30FC2BDFBB1000FFAAEC /* Model */,
				1FEC30FB2BDFBAFC00FFAAEC /* VC */,
				1F92C4812BDF82A400D79987 /* AppDelegate.swift */,
				1F92C4832BDF82A400D79987 /* SceneDelegate.swift */,
				1F92C4872BDF82A400D79987 /* Main.storyboard */,
				1F92C48A2BDF82A700D79987 /* Assets.xcassets */,
				1F92C48C2BDF82A700D79987 /* LaunchScreen.storyboard */,
				1F92C48F2BDF82A700D79987 /* Info.plist */,
			);
			path = PostFeed;
			sourceTree = "<group>";
		};
		1FEC30FB2BDFBAFC00FFAAEC /* VC */ = {
			isa = PBXGroup;
			children = (
				1F92C49F2BDFB45200D79987 /* PostDetailController.swift */,
				1F92C49D2BDF87B800D79987 /* FeetViewController.swift */,
			);
			path = VC;
			sourceTree = "<group>";
		};
		1FEC30FC2BDFBB1000FFAAEC /* Model */ = {
			isa = PBXGroup;
			children = (
				1F92C4992BDF855A00D79987 /* PostModel.swift */,
				1F92C49B2BDF865E00D79987 /* FeedViewModel.swift */,
			);
			path = Model;
			sourceTree = "<group>";
		};
		1FEC30FD2BDFBB2100FFAAEC /* View */ = {
			isa = PBXGroup;
			children = (
				1F92C4952BDF84BC00D79987 /* PostTVC.swift */,
			);
			path = View;
			sourceTree = "<group>";
		};
/* End PBXGroup section */

/* Begin PBXNativeTarget section */
		1F92C47D2BDF82A400D79987 /* PostFeed */ = {
			isa = PBXNativeTarget;
			buildConfigurationList = 1F92C4922BDF82A700D79987 /* Build configuration list for PBXNativeTarget "PostFeed" */;
			buildPhases = (
				1F92C47A2BDF82A400D79987 /* Sources */,
				1F92C47B2BDF82A400D79987 /* Frameworks */,
				1F92C47C2BDF82A400D79987 /* Resources */,
			);
			buildRules = (
			);
			dependencies = (
			);
			name = PostFeed;
			productName = PostFeed;
			productReference = 1F92C47E2BDF82A400D79987 /* PostFeed.app */;
			productType = "com.apple.product-type.application";
		};
/* End PBXNativeTarget section */

/* Begin PBXProject section */
		1F92C4762BDF82A400D79987 /* Project object */ = {
			isa = PBXProject;
			attributes = {
				BuildIndependentTargetsInParallel = 1;
				LastSwiftUpdateCheck = 1530;
				LastUpgradeCheck = 1530;
				TargetAttributes = {
					1F92C47D2BDF82A400D79987 = {
						CreatedOnToolsVersion = 15.3;
					};
				};
			};
			buildConfigurationList = 1F92C4792BDF82A400D79987 /* Build configuration list for PBXProject "PostFeed" */;
			compatibilityVersion = "Xcode 14.0";
			developmentRegion = en;
			hasScannedForEncodings = 0;
			knownRegions = (
				en,
				Base,
			);
			mainGroup = 1F92C4752BDF82A400D79987;
			productRefGroup = 1F92C47F2BDF82A400D79987 /* Products */;
			projectDirPath = "";
			projectRoot = "";
			targets = (
				1F92C47D2BDF82A400D79987 /* PostFeed */,
			);
		};
/* End PBXProject section */

/* Begin PBXResourcesBuildPhase section */
		1F92C47C2BDF82A400D79987 /* Resources */ = {
			isa = PBXResourcesBuildPhase;
			buildActionMask = 2147483647;
			files = (
				1F92C48B2BDF82A700D79987 /* Assets.xcassets in Resources */,
				1F92C48E2BDF82A700D79987 /* Base in Resources */,
				1F92C4892BDF82A400D79987 /* Base in Resources */,
			);
			runOnlyForDeploymentPostprocessing = 0;
		};
/* End PBXResourcesBuildPhase section */

/* Begin PBXSourcesBuildPhase section */
		1F92C47A2BDF82A400D79987 /* Sources */ = {
			isa = PBXSourcesBuildPhase;
			buildActionMask = 2147483647;
			files = (
				1F92C49E2BDF87B800D79987 /* FeetViewController.swift in Sources */,
				1F92C49A2BDF855A00D79987 /* PostModel.swift in Sources */,
				1F92C49C2BDF865E00D79987 /* FeedViewModel.swift in Sources */,
				1F92C4822BDF82A400D79987 /* AppDelegate.swift in Sources */,
				1F92C4842BDF82A400D79987 /* SceneDelegate.swift in Sources */,
				1F92C4A02BDFB45200D79987 /* PostDetailController.swift in Sources */,
				1F92C4962BDF84BC00D79987 /* PostTVC.swift in Sources */,
			);
			runOnlyForDeploymentPostprocessing = 0;
		};
/* End PBXSourcesBuildPhase section */

/* Begin PBXVariantGroup section */
		1F92C4872BDF82A400D79987 /* Main.storyboard */ = {
			isa = PBXVariantGroup;
			children = (
				1F92C4882BDF82A400D79987 /* Base */,
			);
			name = Main.storyboard;
			sourceTree = "<group>";
		};
		1F92C48C2BDF82A700D79987 /* LaunchScreen.storyboard */ = {
			isa = PBXVariantGroup;
			children = (
				1F92C48D2BDF82A700D79987 /* Base */,
			);
			name = LaunchScreen.storyboard;
			sourceTree = "<group>";
		};
/* End PBXVariantGroup section */

/* Begin XCBuildConfiguration section */
		1F92C4902BDF82A700D79987 /* Debug */ = {
			isa = XCBuildConfiguration;
			buildSettings = {
				ALWAYS_SEARCH_USER_PATHS = NO;
				ASSETCATALOG_COMPILER_GENERATE_SWIFT_ASSET_SYMBOL_EXTENSIONS = YES;
				CLANG_ANALYZER_NONNULL = YES;
				CLANG_ANALYZER_NUMBER_OBJECT_CONVERSION = YES_AGGRESSIVE;
				CLANG_CXX_LANGUAGE_STANDARD = "gnu++20";
				CLANG_ENABLE_MODULES = YES;
				CLANG_ENABLE_OBJC_ARC = YES;
				CLANG_ENABLE_OBJC_WEAK = YES;
				CLANG_WARN_BLOCK_CAPTURE_AUTORELEASING = YES;
				CLANG_WARN_BOOL_CONVERSION = YES;
				CLANG_WARN_COMMA = YES;
				CLANG_WARN_CONSTANT_CONVERSION = YES;
				CLANG_WARN_DEPRECATED_OBJC_IMPLEMENTATIONS = YES;
				CLANG_WARN_DIRECT_OBJC_ISA_USAGE = YES_ERROR;
				CLANG_WARN_DOCUMENTATION_COMMENTS = YES;
				CLANG_WARN_EMPTY_BODY = YES;
				CLANG_WARN_ENUM_CONVERSION = YES;
				CLANG_WARN_INFINITE_RECURSION = YES;
				CLANG_WARN_INT_CONVERSION = YES;
				CLANG_WARN_NON_LITERAL_NULL_CONVERSION = YES;
				CLANG_WARN_OBJC_IMPLICIT_RETAIN_SELF = YES;
				CLANG_WARN_OBJC_LITERAL_CONVERSION = YES;
				CLANG_WARN_OBJC_ROOT_CLASS = YES_ERROR;
				CLANG_WARN_QUOTED_INCLUDE_IN_FRAMEWORK_HEADER = YES;
				CLANG_WARN_RANGE_LOOP_ANALYSIS = YES;
				CLANG_WARN_STRICT_PROTOTYPES = YES;
				CLANG_WARN_SUSPICIOUS_MOVE = YES;
				CLANG_WARN_UNGUARDED_AVAILABILITY = YES_AGGRESSIVE;
				CLANG_WARN_UNREACHABLE_CODE = YES;
				CLANG_WARN__DUPLICATE_METHOD_MATCH = YES;
				COPY_PHASE_STRIP = NO;
				DEBUG_INFORMATION_FORMAT = dwarf;
				ENABLE_STRICT_OBJC_MSGSEND = YES;
				ENABLE_TESTABILITY = YES;
				ENABLE_USER_SCRIPT_SANDBOXING = YES;
				GCC_C_LANGUAGE_STANDARD = gnu17;
				GCC_DYNAMIC_NO_PIC = NO;
				GCC_NO_COMMON_BLOCKS = YES;
				GCC_OPTIMIZATION_LEVEL = 0;
				GCC_PREPROCESSOR_DEFINITIONS = (
					"DEBUG=1",
					"$(inherited)",
				);
				GCC_WARN_64_TO_32_BIT_CONVERSION = YES;
				GCC_WARN_ABOUT_RETURN_TYPE = YES_ERROR;
				GCC_WARN_UNDECLARED_SELECTOR = YES;
				GCC_WARN_UNINITIALIZED_AUTOS = YES_AGGRESSIVE;
				GCC_WARN_UNUSED_FUNCTION = YES;
				GCC_WARN_UNUSED_VARIABLE = YES;
				IPHONEOS_DEPLOYMENT_TARGET = 17.4;
				LOCALIZATION_PREFERS_STRING_CATALOGS = YES;
				MTL_ENABLE_DEBUG_INFO = INCLUDE_SOURCE;
				MTL_FAST_MATH = YES;
				ONLY_ACTIVE_ARCH = YES;
				SDKROOT = iphoneos;
				SWIFT_ACTIVE_COMPILATION_CONDITIONS = "DEBUG $(inherited)";
				SWIFT_OPTIMIZATION_LEVEL = "-Onone";
			};
			name = Debug;
		};
		1F92C4912BDF82A700D79987 /* Release */ = {
			isa = XCBuildConfiguration;
			buildSettings = {
				ALWAYS_SEARCH_USER_PATHS = NO;
				ASSETCATALOG_COMPILER_GENERATE_SWIFT_ASSET_SYMBOL_EXTENSIONS = YES;
				CLANG_ANALYZER_NONNULL = YES;
				CLANG_ANALYZER_NUMBER_OBJECT_CONVERSION = YES_AGGRESSIVE;
				CLANG_CXX_LANGUAGE_STANDARD = "gnu++20";
				CLANG_ENABLE_MODULES = YES;
				CLANG_ENABLE_OBJC_ARC = YES;
				CLANG_ENABLE_OBJC_WEAK = YES;
				CLANG_WARN_BLOCK_CAPTURE_AUTORELEASING = YES;
				CLANG_WARN_BOOL_CONVERSION = YES;
				CLANG_WARN_COMMA = YES;
				CLANG_WARN_CONSTANT_CONVERSION = YES;
				CLANG_WARN_DEPRECATED_OBJC_IMPLEMENTATIONS = YES;
				CLANG_WARN_DIRECT_OBJC_ISA_USAGE = YES_ERROR;
				CLANG_WARN_DOCUMENTATION_COMMENTS = YES;
				CLANG_WARN_EMPTY_BODY = YES;
				CLANG_WARN_ENUM_CONVERSION = YES;
				CLANG_WARN_INFINITE_RECURSION = YES;
				CLANG_WARN_INT_CONVERSION = YES;
				CLANG_WARN_NON_LITERAL_NULL_CONVERSION = YES;
				CLANG_WARN_OBJC_IMPLICIT_RETAIN_SELF = YES;
				CLANG_WARN_OBJC_LITERAL_CONVERSION = YES;
				CLANG_WARN_OBJC_ROOT_CLASS = YES_ERROR;
				CLANG_WARN_QUOTED_INCLUDE_IN_FRAMEWORK_HEADER = YES;
				CLANG_WARN_RANGE_LOOP_ANALYSIS = YES;
				CLANG_WARN_STRICT_PROTOTYPES = YES;
				CLANG_WARN_SUSPICIOUS_MOVE = YES;
				CLANG_WARN_UNGUARDED_AVAILABILITY = YES_AGGRESSIVE;
				CLANG_WARN_UNREACHABLE_CODE = YES;
				CLANG_WARN__DUPLICATE_METHOD_MATCH = YES;
				COPY_PHASE_STRIP = NO;
				DEBUG_INFORMATION_FORMAT = "dwarf-with-dsym";
				ENABLE_NS_ASSERTIONS = NO;
				ENABLE_STRICT_OBJC_MSGSEND = YES;
				ENABLE_USER_SCRIPT_SANDBOXING = YES;
				GCC_C_LANGUAGE_STANDARD = gnu17;
				GCC_NO_COMMON_BLOCKS = YES;
				GCC_WARN_64_TO_32_BIT_CONVERSION = YES;
				GCC_WARN_ABOUT_RETURN_TYPE = YES_ERROR;
				GCC_WARN_UNDECLARED_SELECTOR = YES;
				GCC_WARN_UNINITIALIZED_AUTOS = YES_AGGRESSIVE;
				GCC_WARN_UNUSED_FUNCTION = YES;
				GCC_WARN_UNUSED_VARIABLE = YES;
				IPHONEOS_DEPLOYMENT_TARGET = 17.4;
				LOCALIZATION_PREFERS_STRING_CATALOGS = YES;
				MTL_ENABLE_DEBUG_INFO = NO;
				MTL_FAST_MATH = YES;
				SDKROOT = iphoneos;
				SWIFT_COMPILATION_MODE = wholemodule;
				VALIDATE_PRODUCT = YES;
			};
			name = Release;
		};
		1F92C4932BDF82A700D79987 /* Debug */ = {
			isa = XCBuildConfiguration;
			buildSettings = {
				ASSETCATALOG_COMPILER_APPICON_NAME = AppIcon;
				ASSETCATALOG_COMPILER_GLOBAL_ACCENT_COLOR_NAME = AccentColor;
				CODE_SIGN_STYLE = Automatic;
				CURRENT_PROJECT_VERSION = 1;
				GENERATE_INFOPLIST_FILE = YES;
				INFOPLIST_FILE = PostFeed/Info.plist;
				INFOPLIST_KEY_UIApplicationSupportsIndirectInputEvents = YES;
				INFOPLIST_KEY_UILaunchStoryboardName = LaunchScreen;
				INFOPLIST_KEY_UIMainStoryboardFile = Main;
				INFOPLIST_KEY_UISupportedInterfaceOrientations_iPad = "UIInterfaceOrientationPortrait UIInterfaceOrientationPortraitUpsideDown UIInterfaceOrientationLandscapeLeft UIInterfaceOrientationLandscapeRight";
				INFOPLIST_KEY_UISupportedInterfaceOrientations_iPhone = "UIInterfaceOrientationPortrait UIInterfaceOrientationLandscapeLeft UIInterfaceOrientationLandscapeRight";
				LD_RUNPATH_SEARCH_PATHS = (
					"$(inherited)",
					"@executable_path/Frameworks",
				);
				MARKETING_VERSION = 1.0;
				PRODUCT_BUNDLE_IDENTIFIER = com.prateek.PostFeed;
				PRODUCT_NAME = "$(TARGET_NAME)";
				SWIFT_EMIT_LOC_STRINGS = YES;
				SWIFT_VERSION = 5.0;
				TARGETED_DEVICE_FAMILY = "1,2";
			};
			name = Debug;
		};
		1F92C4942BDF82A700D79987 /* Release */ = {
			isa = XCBuildConfiguration;
			buildSettings = {
				ASSETCATALOG_COMPILER_APPICON_NAME = AppIcon;
				ASSETCATALOG_COMPILER_GLOBAL_ACCENT_COLOR_NAME = AccentColor;
				CODE_SIGN_STYLE = Automatic;
				CURRENT_PROJECT_VERSION = 1;
				GENERATE_INFOPLIST_FILE = YES;
				INFOPLIST_FILE = PostFeed/Info.plist;
				INFOPLIST_KEY_UIApplicationSupportsIndirectInputEvents = YES;
				INFOPLIST_KEY_UILaunchStoryboardName = LaunchScreen;
				INFOPLIST_KEY_UIMainStoryboardFile = Main;
				INFOPLIST_KEY_UISupportedInterfaceOrientations_iPad = "UIInterfaceOrientationPortrait UIInterfaceOrientationPortraitUpsideDown UIInterfaceOrientationLandscapeLeft UIInterfaceOrientationLandscapeRight";
				INFOPLIST_KEY_UISupportedInterfaceOrientations_iPhone = "UIInterfaceOrientationPortrait UIInterfaceOrientationLandscapeLeft UIInterfaceOrientationLandscapeRight";
				LD_RUNPATH_SEARCH_PATHS = (
					"$(inherited)",
					"@executable_path/Frameworks",
				);
				MARKETING_VERSION = 1.0;
				PRODUCT_BUNDLE_IDENTIFIER = com.prateek.PostFeed;
				PRODUCT_NAME = "$(TARGET_NAME)";
				SWIFT_EMIT_LOC_STRINGS = YES;
				SWIFT_VERSION = 5.0;
				TARGETED_DEVICE_FAMILY = "1,2";
			};
			name = Release;
		};
/* End XCBuildConfiguration section */

/* Begin XCConfigurationList section */
		1F92C4792BDF82A400D79987 /* Build configuration list for PBXProject "PostFeed" */ = {
			isa = XCConfigurationList;
			buildConfigurations = (
				1F92C4902BDF82A700D79987 /* Debug */,
				1F92C4912BDF82A700D79987 /* Release */,
			);
			defaultConfigurationIsVisible = 0;
			defaultConfigurationName = Release;
		};
		1F92C4922BDF82A700D79987 /* Build configuration list for PBXNativeTarget "PostFeed" */ = {
			isa = XCConfigurationList;
			buildConfigurations = (
				1F92C4932BDF82A700D79987 /* Debug */,
				1F92C4942BDF82A700D79987 /* Release */,
			);
			defaultConfigurationIsVisible = 0;
			defaultConfigurationName = Release;
		};
/* End XCConfigurationList section */
	};
	rootObject = 1F92C4762BDF82A400D79987 /* Project object */;
}
